<?xml version="1.0" encoding="UTF-8"?>
<Scheme
   version = "1.3">
   <BuildAction>
      <BuildActionEntries>
         <BuildActionEntry
            buildForRunning = "YES">
            <BuildableReference
               BuildableIdentifier = "primary"
               BlueprintIdentifier = "68B1B5E321B4398500B00057"
               BuildableName = "ProjektGrupowy.app"
               BlueprintName = "ProjektGrupowy"
               ReferencedContainer = "container:ProjektGrupowy.xcodeproj">
            </BuildableReference>
         </BuildActionEntry>
      </BuildActionEntries>
   </BuildAction>
   <LaunchAction
      useCustomWorkingDirectory = "NO"
      buildConfiguration = "Debug"
      allowLocationSimulation = "YES">
      <BuildableProductRunnable>
         <BuildableReference
            BuildableIdentifier = "primary"
            BlueprintIdentifier = "68B1B5E321B4398500B00057"
            BuildableName = "ProjektGrupowy.app"
            BlueprintName = "ProjektGrupowy"
            ReferencedContainer = "container:ProjektGrupowy.xcodeproj">
         </BuildableReference>
      </BuildableProductRunnable>
   </LaunchAction>
</Scheme>
